
Microsoft Visual Studio Solution File, Format Version 12.00
# Visual Studio Version 16
VisualStudioVersion = 16.0.30621.155
MinimumVisualStudioVersion = 10.0.40219.1
Project("{FAE04EC0-301F-11D3-BF4B-00C04F79EFBC}") = "DigitalSignalDrawer", "DigitalSignalDrawer.csproj", "{9071BB98-98F6-4B9B-B7C6-602F02B9C871}"
EndProject
Project("{FAE04EC0-301F-11D3-BF4B-00C04F79EFBC}") = "StringToBinaryConverter", "StringToBinaryConverter\StringToBinaryConverter.csproj", "{42215236-BD4B-47A1-AEFD-0B8197E9FA31}"
EndProject
Project("{FAE04EC0-301F-11D3-BF4B-00C04F79EFBC}") = "LineCoordinatesCreatorByString", "LineCoordinatesCreatorByString\LineCoordinatesCreatorByString.csproj", "{6A13945A-05C5-4A77-B8DD-4DECF3DD0306}"
EndProject
Global
	GlobalSection(SolutionConfigurationPlatforms) = preSolution
		Debug|Any CPU = Debug|Any CPU
		Release|Any CPU = Release|Any CPU
	EndGlobalSection
	GlobalSection(ProjectConfigurationPlatforms) = postSolution
		{9071BB98-98F6-4B9B-B7C6-602F02B9C871}.Debug|Any CPU.ActiveCfg = Debug|Any CPU
		{9071BB98-98F6-4B9B-B7C6-602F02B9C871}.Debug|Any CPU.Build.0 = Debug|Any CPU
		{9071BB98-98F6-4B9B-B7C6-602F02B9C871}.Release|Any CPU.ActiveCfg = Release|Any CPU
		{9071BB98-98F6-4B9B-B7C6-602F02B9C871}.Release|Any CPU.Build.0 = Release|Any CPU
		{42215236-BD4B-47A1-AEFD-0B8197E9FA31}.Debug|Any CPU.ActiveCfg = Debug|Any CPU
		{42215236-BD4B-47A1-AEFD-0B8197E9FA31}.Debug|Any CPU.Build.0 = Debug|Any CPU
		{42215236-BD4B-47A1-AEFD-0B8197E9FA31}.Release|Any CPU.ActiveCfg = Release|Any CPU
		{42215236-BD4B-47A1-AEFD-0B8197E9FA31}.Release|Any CPU.Build.0 = Release|Any CPU
		{6A13945A-05C5-4A77-B8DD-4DECF3DD0306}.Debug|Any CPU.ActiveCfg = Debug|Any CPU
		{6A13945A-05C5-4A77-B8DD-4DECF3DD0306}.Debug|Any CPU.Build.0 = Debug|Any CPU
		{6A13945A-05C5-4A77-B8DD-4DECF3DD0306}.Release|Any CPU.ActiveCfg = Release|Any CPU
		{6A13945A-05C5-4A77-B8DD-4DECF3DD0306}.Release|Any CPU.Build.0 = Release|Any CPU
	EndGlobalSection
	GlobalSection(SolutionProperties) = preSolution
		HideSolutionNode = FALSE
	EndGlobalSection
	GlobalSection(ExtensibilityGlobals) = postSolution
		SolutionGuid = {90F05942-435F-4A91-88F4-D167B4610722}
	EndGlobalSection
EndGlobal
